schema: '2.0'
stages:
  dataset:
    cmd: python src/dataset.py data/raw/Train.csv
    deps:
    - path: data/raw/Train.csv
      hash: md5
      md5: e0df0a56f3f03c084c828b29aaa0f314
      size: 861013
    - path: params.yaml
      hash: md5
      md5: 0eb74441521e3cf0d95baadd99426e48
      size: 190
    - path: src/dataset.py
      hash: md5
      md5: bf8fa9e73f06a3ead66374bdc9f7953a
      size: 5460
    params:
      params.yaml:
        dataset.seed: 42
        dataset.test_split: 0.2
    outs:
    - path: data/interim/test.csv
      hash: md5
      md5: 143bb55276fd4574113c338d39cd42d3
      size: 228060
    - path: data/interim/train.csv
      hash: md5
      md5: b479441cc4367e3ec07ac039b542bbfb
      size: 910470
  train:
    cmd: python src/modeling/train.py data/interim/train.csv 
      data/interim/test.csv
    deps:
    - path: data/interim/test.csv
      hash: md5
      md5: 143bb55276fd4574113c338d39cd42d3
      size: 228060
    - path: data/interim/train.csv
      hash: md5
      md5: b479441cc4367e3ec07ac039b542bbfb
      size: 910470
    - path: params.yaml
      hash: md5
      md5: 0eb74441521e3cf0d95baadd99426e48
      size: 190
    - path: src/modeling/train.py
      hash: md5
      md5: 578b0b2b2304e5b32660ef0097d2a599
      size: 3215
    params:
      params.yaml:
        train.colsample_bytree: 0.8
        train.learning_rate: 0.01
        train.max_depth: 4
        train.n_estimators: 400
        train.reg_alpha: 0.0
        train.reg_lambda: 1.0
        train.seed: 42
        train.subsample: 0.8
    outs:
    - path: metrics.json
      hash: md5
      md5: 93c1ad8c84ef7ac6029d07d12f2d98d2
      size: 93
    - path: models/
      hash: md5
      md5: 2d68ef0354849f6f47ec85ed653bb68e.dir
      size: 680963
      nfiles: 2
